
Microsoft Visual Studio Solution File, Format Version 12.00
# Visual Studio Version 16
VisualStudioVersion = 16.0.30804.86
MinimumVisualStudioVersion = 10.0.40219.1
Project("{8BC9CEB8-8B4A-11D0-8D11-00A0C91BC942}") = "AfterburnerConnector", "AfterburnerConnector\AfterburnerConnector.vcxproj", "{6E4C2670-8975-4AAF-A7B4-A0DF9C3821F2}"
EndProject
Project("{FAE04EC0-301F-11D3-BF4B-00C04F79EFBC}") = "AfterburnerOledDisplay", "AfterburnerOledDisplay\AfterburnerOledDisplay.csproj", "{BEC932BA-FC17-4AC7-A16A-890FBE37AAFE}"
EndProject
Global
	GlobalSection(SolutionConfigurationPlatforms) = preSolution
		Debug|Any CPU = Debug|Any CPU
		Debug|Win32 = Debug|Win32
		Debug|x64 = Debug|x64
		Debug|x86 = Debug|x86
		Release|Any CPU = Release|Any CPU
		Release|Win32 = Release|Win32
		Release|x64 = Release|x64
		Release|x86 = Release|x86
	EndGlobalSection
	GlobalSection(ProjectConfigurationPlatforms) = postSolution
		{6E4C2670-8975-4AAF-A7B4-A0DF9C3821F2}.Debug|Any CPU.ActiveCfg = Debug|Win32
		{6E4C2670-8975-4AAF-A7B4-A0DF9C3821F2}.Debug|Win32.ActiveCfg = Debug|Win32
		{6E4C2670-8975-4AAF-A7B4-A0DF9C3821F2}.Debug|Win32.Build.0 = Debug|Win32
		{6E4C2670-8975-4AAF-A7B4-A0DF9C3821F2}.Debug|x64.ActiveCfg = Debug|x64
		{6E4C2670-8975-4AAF-A7B4-A0DF9C3821F2}.Debug|x64.Build.0 = Debug|x64
		{6E4C2670-8975-4AAF-A7B4-A0DF9C3821F2}.Debug|x86.ActiveCfg = Debug|Win32
		{6E4C2670-8975-4AAF-A7B4-A0DF9C3821F2}.Debug|x86.Build.0 = Debug|Win32
		{6E4C2670-8975-4AAF-A7B4-A0DF9C3821F2}.Release|Any CPU.ActiveCfg = Release|Win32
		{6E4C2670-8975-4AAF-A7B4-A0DF9C3821F2}.Release|Win32.ActiveCfg = Release|Win32
		{6E4C2670-8975-4AAF-A7B4-A0DF9C3821F2}.Release|Win32.Build.0 = Release|Win32
		{6E4C2670-8975-4AAF-A7B4-A0DF9C3821F2}.Release|x64.ActiveCfg = Release|x64
		{6E4C2670-8975-4AAF-A7B4-A0DF9C3821F2}.Release|x64.Build.0 = Release|x64
		{6E4C2670-8975-4AAF-A7B4-A0DF9C3821F2}.Release|x86.ActiveCfg = Release|Win32
		{6E4C2670-8975-4AAF-A7B4-A0DF9C3821F2}.Release|x86.Build.0 = Release|Win32
		{BEC932BA-FC17-4AC7-A16A-890FBE37AAFE}.Debug|Any CPU.ActiveCfg = Debug|Any CPU
		{BEC932BA-FC17-4AC7-A16A-890FBE37AAFE}.Debug|Any CPU.Build.0 = Debug|Any CPU
		{BEC932BA-FC17-4AC7-A16A-890FBE37AAFE}.Debug|Win32.ActiveCfg = Debug|Any CPU
		{BEC932BA-FC17-4AC7-A16A-890FBE37AAFE}.Debug|Win32.Build.0 = Debug|Any CPU
		{BEC932BA-FC17-4AC7-A16A-890FBE37AAFE}.Debug|x64.ActiveCfg = Debug|Any CPU
		{BEC932BA-FC17-4AC7-A16A-890FBE37AAFE}.Debug|x64.Build.0 = Debug|Any CPU
		{BEC932BA-FC17-4AC7-A16A-890FBE37AAFE}.Debug|x86.ActiveCfg = Debug|Any CPU
		{BEC932BA-FC17-4AC7-A16A-890FBE37AAFE}.Debug|x86.Build.0 = Debug|Any CPU
		{BEC932BA-FC17-4AC7-A16A-890FBE37AAFE}.Release|Any CPU.ActiveCfg = Release|Any CPU
		{BEC932BA-FC17-4AC7-A16A-890FBE37AAFE}.Release|Any CPU.Build.0 = Release|Any CPU
		{BEC932BA-FC17-4AC7-A16A-890FBE37AAFE}.Release|Win32.ActiveCfg = Release|Any CPU
		{BEC932BA-FC17-4AC7-A16A-890FBE37AAFE}.Release|Win32.Build.0 = Release|Any CPU
		{BEC932BA-FC17-4AC7-A16A-890FBE37AAFE}.Release|x64.ActiveCfg = Release|Any CPU
		{BEC932BA-FC17-4AC7-A16A-890FBE37AAFE}.Release|x64.Build.0 = Release|Any CPU
		{BEC932BA-FC17-4AC7-A16A-890FBE37AAFE}.Release|x86.ActiveCfg = Release|Any CPU
		{BEC932BA-FC17-4AC7-A16A-890FBE37AAFE}.Release|x86.Build.0 = Release|Any CPU
	EndGlobalSection
	GlobalSection(SolutionProperties) = preSolution
		HideSolutionNode = FALSE
	EndGlobalSection
	GlobalSection(ExtensibilityGlobals) = postSolution
		SolutionGuid = {A31D395C-D186-437E-AFC1-A2FEF3F12636}
	EndGlobalSection
EndGlobal
